{
  "name": "mrl-runtimeos-enterprise-runtimeplatform-coreexecutable-v1-4-0",
  "version": "1.4.0",
  "lockfileVersion": 3,
  "requires": true,
  "packages": {
    "": {
      "name": "mrl-runtimeos-enterprise-runtimeplatform-coreexecutable-v1-4-0",
      "version": "1.4.0",
      "engines": {
        "node": ">=18"
      }
    }
  }
}
