// !$*UTF8*$!
{
archiveVersion = 1;
classes = {
};
objectVersion = 56;
objects = {

/* Begin PBXBuildFile section */
ContentView.swift in Sources */ = {isa = PBXBuildFile; fileRef = 8CAD3D0ADAA747D3A44635F3 /* ContentView.swift */; };
MrliouWordApp.swift in Sources */ = {isa = PBXBuildFile; fileRef = 5F3DE8E6210E45AD90F16E30 /* MrliouWordApp.swift */; };
ScanMode.swift in Sources */ = {isa = PBXBuildFile; fileRef = 1260F0EA70F7429E98A54EDC /* ScanMode.swift */; };
ScannerManager.swift in Sources */ = {isa = PBXBuildFile; fileRef = 2456B34C72564D3B80E4B097 /* ScannerManager.swift */; };
ARViewContainer.swift in Sources */ = {isa = PBXBuildFile; fileRef = 4C60E90ED6E046818F91370D /* ARViewContainer.swift */; };
ModeSelector.swift in Sources */ = {isa = PBXBuildFile; fileRef = 4F27103D8E7C4B619A8D3F5F /* ModeSelector.swift */; };
ScanControlsView.swift in Sources */ = {isa = PBXBuildFile; fileRef = 839935BE787A4CB989BB386E /* ScanControlsView.swift */; };
/* End PBXBuildFile section */

/* Begin PBXFileReference section */
ContentView.swift */ = {isa = PBXFileReference; lastKnownFileType = sourcecode.swift; path = ContentView.swift; sourceTree = "<group>"; };
MrliouWordApp.swift */ = {isa = PBXFileReference; lastKnownFileType = sourcecode.swift; path = MrliouWordApp.swift; sourceTree = "<group>"; };
ScanMode.swift */ = {isa = PBXFileReference; lastKnownFileType = sourcecode.swift; path = ScanMode.swift; sourceTree = "<group>"; };
ScannerManager.swift */ = {isa = PBXFileReference; lastKnownFileType = sourcecode.swift; path = ScannerManager.swift; sourceTree = "<group>"; };
ARViewContainer.swift */ = {isa = PBXFileReference; lastKnownFileType = sourcecode.swift; path = ARViewContainer.swift; sourceTree = "<group>"; };
ModeSelector.swift */ = {isa = PBXFileReference; lastKnownFileType = sourcecode.swift; path = ModeSelector.swift; sourceTree = "<group>"; };
ScanControlsView.swift */ = {isa = PBXFileReference; lastKnownFileType = sourcecode.swift; path = ScanControlsView.swift; sourceTree = "<group>"; };
MrliouWord.app */ = {isa = PBXFileReference; explicitFileType = wrapper.application; includeInIndex = 0; path = MrliouWord.app; sourceTree = BUILT_PRODUCTS_DIR; };
/* End PBXFileReference section */

/* Begin PBXFrameworksBuildPhase section */
Frameworks */ = {
PBXFrameworksBuildPhase;
Mask = 2147483647;
(
OnlyForDeploymentPostprocessing = 0;
d PBXFrameworksBuildPhase section */

/* Begin PBXGroup section */
{
PBXGroup;
 = (
iOS */,
Products */,
"<group>";
iOS */ = {
PBXGroup;
 = (
MrliouWord */,
iOS;
"<group>";
MrliouWord */ = {
PBXGroup;
 = (
App */,
Views */,
Models */,
Services */,
MrliouWord;
"<group>";
App */ = {
PBXGroup;
 = (
MrliouWordApp.swift */,
ContentView.swift */,
App;
"<group>";
Views */ = {
PBXGroup;
 = (
ARViewContainer.swift */,
ModeSelector.swift */,
ScanControlsView.swift */,
Views;
"<group>";
Models */ = {
PBXGroup;
 = (
ScanMode.swift */,
Models;
"<group>";
Services */ = {
PBXGroup;
 = (
ScannerManager.swift */,
Services;
"<group>";
Products */ = {
PBXGroup;
 = (
MrliouWord.app */,
ame = Products;
"<group>";
d PBXGroup section */

/* Begin PBXNativeTarget section */
MrliouWord */ = {
PBXNativeTarget;
figurationList = 8E9D6F7A5C3B4D8E91E2A6C4 /* Build configuration list for PBXNativeTarget "MrliouWord" */;
(
Sources */,
Frameworks */,
Resources */,
(
dencies = (
ame = MrliouWord;
ame = MrliouWord;
ce = 7B9E4D2C8F3A4A1E9D5C6B8F /* MrliouWord.app */;
= "com.apple.product-type.application";
d PBXNativeTarget section */

/* Begin PBXProject section */
Project object */ = {
PBXProject;
{
dependentTargetsInParallel = 1;
1500;
1500;
{
{
ToolsVersion = 15.0;
figurationList = 9D8E7F6A5B4C4D9E82E1A7C3 /* Build configuration list for PBXProject "MrliouWord" */;
 = "Xcode 14.0";
tRegion = en;
nedForEncodings = 0;
ownRegions = (
,
Group = FB8B309CADB64592BE1AAA80;
EA4C7B2D9A1E4F8C93D6B5E7 /* Products */;
"";
"";
(
MrliouWord */,
d PBXProject section */

/* Begin PBXResourcesBuildPhase section */
Resources */ = {
PBXResourcesBuildPhase;
Mask = 2147483647;
(
OnlyForDeploymentPostprocessing = 0;
d PBXResourcesBuildPhase section */

/* Begin PBXSourcesBuildPhase section */
Sources */ = {
PBXSourcesBuildPhase;
Mask = 2147483647;
(
ContentView.swift in Sources */,
MrliouWordApp.swift in Sources */,
ScanMode.swift in Sources */,
ScannerManager.swift in Sources */,
ARViewContainer.swift in Sources */,
ModeSelector.swift in Sources */,
ScanControlsView.swift in Sources */,
OnlyForDeploymentPostprocessing = 0;
d PBXSourcesBuildPhase section */

/* Begin XCBuildConfiguration section */
Debug */ = {
XCBuildConfiguration;
gs = {
= NO;
G_ANALYZER_NONNULL = YES;
G_ANALYZER_NUMBER_OBJECT_CONVERSION = YES_AGGRESSIVE;
G_CXX_LANGUAGE_STANDARD = "gnu++20";
G_ENABLE_MODULES = YES;
G_ENABLE_OBJC_ARC = YES;
G_ENABLE_OBJC_WEAK = YES;
G_WARN_BLOCK_CAPTURE_AUTORELEASING = YES;
G_WARN_BOOL_CONVERSION = YES;
G_WARN_COMMA = YES;
G_WARN_CONSTANT_CONVERSION = YES;
G_WARN_DEPRECATED_OBJC_IMPLEMENTATIONS = YES;
G_WARN_DIRECT_OBJC_ISA_USAGE = YES_ERROR;
G_WARN_DOCUMENTATION_COMMENTS = YES;
G_WARN_EMPTY_BODY = YES;
G_WARN_ENUM_CONVERSION = YES;
G_WARN_INFINITE_RECURSION = YES;
G_WARN_INT_CONVERSION = YES;
G_WARN_NON_LITERAL_NULL_CONVERSION = YES;
G_WARN_OBJC_IMPLICIT_RETAIN_SELF = YES;
G_WARN_OBJC_LITERAL_CONVERSION = YES;
G_WARN_OBJC_ROOT_CLASS = YES_ERROR;
G_WARN_QUOTED_INCLUDE_IN_FRAMEWORK_HEADER = YES;
G_WARN_RANGE_LOOP_ANALYSIS = YES;
G_WARN_STRICT_PROTOTYPES = YES;
G_WARN_SUSPICIOUS_MOVE = YES;
G_WARN_UNGUARDED_AVAILABILITY = YES_AGGRESSIVE;
G_WARN_UNREACHABLE_CODE = YES;
G_WARN__DUPLICATE_METHOD_MATCH = YES;
= NO;
FORMATION_FORMAT = dwarf;
ABLE_STRICT_OBJC_MSGSEND = YES;
ABLE_TESTABILITY = YES;
GUAGE_STANDARD = gnu11;
AMIC_NO_PIC = NO;
O_COMMON_BLOCKS = YES;
_LEVEL = 0;
ITIONS = (
herited)",
_64_TO_32_BIT_CONVERSION = YES;
_ABOUT_RETURN_TYPE = YES_ERROR;
_UNDECLARED_SELECTOR = YES;
_UNINITIALIZED_AUTOS = YES_AGGRESSIVE;
_UNUSED_FUNCTION = YES;
_UNUSED_VARIABLE = YES;
EOS_DEPLOYMENT_TARGET = 16.0;
ABLE_DEBUG_INFO = INCLUDE_SOURCE;
YES;
LY_ACTIVE_ARCH = YES;
iphoneos;
_CONDITIONS = DEBUG;
_LEVEL = "-Onone";
ame = Debug;
Release */ = {
XCBuildConfiguration;
gs = {
= NO;
G_ANALYZER_NONNULL = YES;
G_ANALYZER_NUMBER_OBJECT_CONVERSION = YES_AGGRESSIVE;
G_CXX_LANGUAGE_STANDARD = "gnu++20";
G_ENABLE_MODULES = YES;
G_ENABLE_OBJC_ARC = YES;
G_ENABLE_OBJC_WEAK = YES;
G_WARN_BLOCK_CAPTURE_AUTORELEASING = YES;
G_WARN_BOOL_CONVERSION = YES;
G_WARN_COMMA = YES;
G_WARN_CONSTANT_CONVERSION = YES;
G_WARN_DEPRECATED_OBJC_IMPLEMENTATIONS = YES;
G_WARN_DIRECT_OBJC_ISA_USAGE = YES_ERROR;
G_WARN_DOCUMENTATION_COMMENTS = YES;
G_WARN_EMPTY_BODY = YES;
G_WARN_ENUM_CONVERSION = YES;
G_WARN_INFINITE_RECURSION = YES;
G_WARN_INT_CONVERSION = YES;
G_WARN_NON_LITERAL_NULL_CONVERSION = YES;
G_WARN_OBJC_IMPLICIT_RETAIN_SELF = YES;
G_WARN_OBJC_LITERAL_CONVERSION = YES;
G_WARN_OBJC_ROOT_CLASS = YES_ERROR;
G_WARN_QUOTED_INCLUDE_IN_FRAMEWORK_HEADER = YES;
G_WARN_RANGE_LOOP_ANALYSIS = YES;
G_WARN_STRICT_PROTOTYPES = YES;
G_WARN_SUSPICIOUS_MOVE = YES;
G_WARN_UNGUARDED_AVAILABILITY = YES_AGGRESSIVE;
G_WARN_UNREACHABLE_CODE = YES;
G_WARN__DUPLICATE_METHOD_MATCH = YES;
= NO;
FORMATION_FORMAT = "dwarf-with-dsym";
ABLE_NS_ASSERTIONS = NO;
ABLE_STRICT_OBJC_MSGSEND = YES;
GUAGE_STANDARD = gnu11;
O_COMMON_BLOCKS = YES;
_64_TO_32_BIT_CONVERSION = YES;
_ABOUT_RETURN_TYPE = YES_ERROR;
_UNDECLARED_SELECTOR = YES;
_UNINITIALIZED_AUTOS = YES_AGGRESSIVE;
_UNUSED_FUNCTION = YES;
_UNUSED_VARIABLE = YES;
EOS_DEPLOYMENT_TARGET = 16.0;
ABLE_DEBUG_INFO = NO;
YES;
iphoneos;
_MODE = wholemodule;
_LEVEL = "-O";
YES;
ame = Release;
Debug */ = {
XCBuildConfiguration;
gs = {
_NAME = AppIcon;
T_COLOR_NAME = AccentColor;
_STYLE = Automatic;
T_PROJECT_VERSION = 1;
T_ASSET_PATHS = "";
T_TEAM = "";
ABLE_PREVIEWS = YES;
ERATE_INFOPLIST_FILE = YES;
FOPLIST_KEY_NSCameraUsageDescription = "MrliouWord需要使用相機來進行3D掃描";
FOPLIST_KEY_NSLocationWhenInUseUsageDescription = "MrliouWord需要定位資訊來提供AR體驗";
FOPLIST_KEY_UIApplicationSceneManifest_Generation = YES;
FOPLIST_KEY_UIApplicationSupportsIndirectInputEvents = YES;
FOPLIST_KEY_UILaunchScreen_Generation = YES;
FOPLIST_KEY_UISupportedInterfaceOrientations = "UIInterfaceOrientationPortrait UIInterfaceOrientationLandscapeLeft UIInterfaceOrientationLandscapeRight";
FOPLIST_KEY_UISupportedInterfaceOrientations_iPad = "UIInterfaceOrientationPortrait UIInterfaceOrientationPortraitUpsideDown UIInterfaceOrientationLandscapeLeft UIInterfaceOrientationLandscapeRight";
EOS_DEPLOYMENT_TARGET = 16.0;
PATH_SEARCH_PATHS = (
herited)",
G_VERSION = 1.0;
DLE_IDENTIFIER = com.mrliou.MrliouWord;
AME = "$(TARGET_NAME)";
GS = YES;
 = 5.0;
= "1,2";
ame = Debug;
Release */ = {
XCBuildConfiguration;
gs = {
_NAME = AppIcon;
T_COLOR_NAME = AccentColor;
_STYLE = Automatic;
T_PROJECT_VERSION = 1;
T_ASSET_PATHS = "";
T_TEAM = "";
ABLE_PREVIEWS = YES;
ERATE_INFOPLIST_FILE = YES;
FOPLIST_KEY_NSCameraUsageDescription = "MrliouWord需要使用相機來進行3D掃描";
FOPLIST_KEY_NSLocationWhenInUseUsageDescription = "MrliouWord需要定位資訊來提供AR體驗";
FOPLIST_KEY_UIApplicationSceneManifest_Generation = YES;
FOPLIST_KEY_UIApplicationSupportsIndirectInputEvents = YES;
FOPLIST_KEY_UILaunchScreen_Generation = YES;
FOPLIST_KEY_UISupportedInterfaceOrientations = "UIInterfaceOrientationPortrait UIInterfaceOrientationLandscapeLeft UIInterfaceOrientationLandscapeRight";
FOPLIST_KEY_UISupportedInterfaceOrientations_iPad = "UIInterfaceOrientationPortrait UIInterfaceOrientationPortraitUpsideDown UIInterfaceOrientationLandscapeLeft UIInterfaceOrientationLandscapeRight";
EOS_DEPLOYMENT_TARGET = 16.0;
PATH_SEARCH_PATHS = (
herited)",
G_VERSION = 1.0;
DLE_IDENTIFIER = com.mrliou.MrliouWord;
AME = "$(TARGET_NAME)";
GS = YES;
 = 5.0;
= "1,2";
ame = Release;
d XCBuildConfiguration section */

/* Begin XCConfigurationList section */
Build configuration list for PBXProject "MrliouWord" */ = {
XCConfigurationList;
figurations = (
Debug */,
Release */,
figurationIsVisible = 0;
figurationName = Release;
Build configuration list for PBXNativeTarget "MrliouWord" */ = {
XCConfigurationList;
figurations = (
Debug */,
Release */,
figurationIsVisible = 0;
figurationName = Release;
d XCConfigurationList section */
};
rootObject = FA843E705FA546D4A73C193E /* Project object */;
}
